
Microsoft Visual Studio Solution File, Format Version 12.00
# Visual Studio Version 16
VisualStudioVersion = 16.0.31613.86
MinimumVisualStudioVersion = 10.0.40219.1
Project("{9A19103F-16F7-4668-BE54-9A1E7A4F7556}") = "basic-about-c-sharp", "basic-about-c-sharp\basic-about-c-sharp.csproj", "{66FB42A4-1D27-4D79-AD68-160740F8CD1E}"
EndProject
Project("{FAE04EC0-301F-11D3-BF4B-00C04F79EFBC}") = "basic-win-form", "basic-win-form\basic-win-form.csproj", "{27C4B016-9CFF-4FB5-99AB-7FC563E038F9}"
EndProject
Project("{FAE04EC0-301F-11D3-BF4B-00C04F79EFBC}") = "learn-delegate", "learn-delegate\learn-delegate.csproj", "{81D0E674-2CFB-4C08-99E6-4CCCED3866FD}"
EndProject
Project("{FAE04EC0-301F-11D3-BF4B-00C04F79EFBC}") = "learn-event", "learn-event\learn-event.csproj", "{AEA2F7B8-1990-444D-8DAC-55A418EF389C}"
EndProject
Project("{FAE04EC0-301F-11D3-BF4B-00C04F79EFBC}") = "learn-exeption", "learn-exeption\learn-exeption.csproj", "{2DDBE506-A97E-48DE-9F3E-901D2FF9CB3D}"
EndProject
Project("{FAE04EC0-301F-11D3-BF4B-00C04F79EFBC}") = "learn-networking", "learn-networking\learn-networking.csproj", "{1A7B11F7-FAB2-425C-9394-76A9DBCC6F1C}"
EndProject
Project("{FAE04EC0-301F-11D3-BF4B-00C04F79EFBC}") = "learn-thread", "learn-thread\learn-thread.csproj", "{9216BB65-96BA-4F0E-9E5A-85433339EBD8}"
EndProject
Global
	GlobalSection(SolutionConfigurationPlatforms) = preSolution
		Debug|Any CPU = Debug|Any CPU
		Release|Any CPU = Release|Any CPU
	EndGlobalSection
	GlobalSection(ProjectConfigurationPlatforms) = postSolution
		{66FB42A4-1D27-4D79-AD68-160740F8CD1E}.Debug|Any CPU.ActiveCfg = Debug|Any CPU
		{66FB42A4-1D27-4D79-AD68-160740F8CD1E}.Debug|Any CPU.Build.0 = Debug|Any CPU
		{66FB42A4-1D27-4D79-AD68-160740F8CD1E}.Release|Any CPU.ActiveCfg = Release|Any CPU
		{66FB42A4-1D27-4D79-AD68-160740F8CD1E}.Release|Any CPU.Build.0 = Release|Any CPU
		{27C4B016-9CFF-4FB5-99AB-7FC563E038F9}.Debug|Any CPU.ActiveCfg = Debug|Any CPU
		{27C4B016-9CFF-4FB5-99AB-7FC563E038F9}.Debug|Any CPU.Build.0 = Debug|Any CPU
		{27C4B016-9CFF-4FB5-99AB-7FC563E038F9}.Release|Any CPU.ActiveCfg = Release|Any CPU
		{27C4B016-9CFF-4FB5-99AB-7FC563E038F9}.Release|Any CPU.Build.0 = Release|Any CPU
		{81D0E674-2CFB-4C08-99E6-4CCCED3866FD}.Debug|Any CPU.ActiveCfg = Debug|Any CPU
		{81D0E674-2CFB-4C08-99E6-4CCCED3866FD}.Debug|Any CPU.Build.0 = Debug|Any CPU
		{81D0E674-2CFB-4C08-99E6-4CCCED3866FD}.Release|Any CPU.ActiveCfg = Release|Any CPU
		{81D0E674-2CFB-4C08-99E6-4CCCED3866FD}.Release|Any CPU.Build.0 = Release|Any CPU
		{AEA2F7B8-1990-444D-8DAC-55A418EF389C}.Debug|Any CPU.ActiveCfg = Debug|Any CPU
		{AEA2F7B8-1990-444D-8DAC-55A418EF389C}.Debug|Any CPU.Build.0 = Debug|Any CPU
		{AEA2F7B8-1990-444D-8DAC-55A418EF389C}.Release|Any CPU.ActiveCfg = Release|Any CPU
		{AEA2F7B8-1990-444D-8DAC-55A418EF389C}.Release|Any CPU.Build.0 = Release|Any CPU
		{2DDBE506-A97E-48DE-9F3E-901D2FF9CB3D}.Debug|Any CPU.ActiveCfg = Debug|Any CPU
		{2DDBE506-A97E-48DE-9F3E-901D2FF9CB3D}.Debug|Any CPU.Build.0 = Debug|Any CPU
		{2DDBE506-A97E-48DE-9F3E-901D2FF9CB3D}.Release|Any CPU.ActiveCfg = Release|Any CPU
		{2DDBE506-A97E-48DE-9F3E-901D2FF9CB3D}.Release|Any CPU.Build.0 = Release|Any CPU
		{1A7B11F7-FAB2-425C-9394-76A9DBCC6F1C}.Debug|Any CPU.ActiveCfg = Debug|Any CPU
		{1A7B11F7-FAB2-425C-9394-76A9DBCC6F1C}.Debug|Any CPU.Build.0 = Debug|Any CPU
		{1A7B11F7-FAB2-425C-9394-76A9DBCC6F1C}.Release|Any CPU.ActiveCfg = Release|Any CPU
		{1A7B11F7-FAB2-425C-9394-76A9DBCC6F1C}.Release|Any CPU.Build.0 = Release|Any CPU
		{9216BB65-96BA-4F0E-9E5A-85433339EBD8}.Debug|Any CPU.ActiveCfg = Debug|Any CPU
		{9216BB65-96BA-4F0E-9E5A-85433339EBD8}.Debug|Any CPU.Build.0 = Debug|Any CPU
		{9216BB65-96BA-4F0E-9E5A-85433339EBD8}.Release|Any CPU.ActiveCfg = Release|Any CPU
		{9216BB65-96BA-4F0E-9E5A-85433339EBD8}.Release|Any CPU.Build.0 = Release|Any CPU
	EndGlobalSection
	GlobalSection(SolutionProperties) = preSolution
		HideSolutionNode = FALSE
	EndGlobalSection
	GlobalSection(ExtensibilityGlobals) = postSolution
		SolutionGuid = {AD015961-0A46-491B-A18B-710905C23118}
	EndGlobalSection
EndGlobal
